
Microsoft Visual Studio Solution File, Format Version 12.00
# Visual Studio Version 16
VisualStudioVersion = 16.0.31829.152
MinimumVisualStudioVersion = 10.0.40219.1
Project("{888888A0-9F3D-457C-B088-3A5042F75D52}") = "RGLearner", "RGLearner.pyproj", "{0F6C5589-BE37-4F47-9081-24439BBD3CA5}"
EndProject
Global
	GlobalSection(SolutionConfigurationPlatforms) = preSolution
		Debug|Any CPU = Debug|Any CPU
		Release|Any CPU = Release|Any CPU
	EndGlobalSection
	GlobalSection(ProjectConfigurationPlatforms) = postSolution
		{0F6C5589-BE37-4F47-9081-24439BBD3CA5}.Debug|Any CPU.ActiveCfg = Debug|Any CPU
		{0F6C5589-BE37-4F47-9081-24439BBD3CA5}.Release|Any CPU.ActiveCfg = Release|Any CPU
	EndGlobalSection
	GlobalSection(SolutionProperties) = preSolution
		HideSolutionNode = FALSE
	EndGlobalSection
	GlobalSection(ExtensibilityGlobals) = postSolution
		SolutionGuid = {8C52D2BF-27B8-4B22-870C-8BE42CBD96A8}
	EndGlobalSection
EndGlobal
